
Microsoft Visual Studio Solution File, Format Version 12.00
# Visual Studio Version 17
VisualStudioVersion = 17.7.34221.43
MinimumVisualStudioVersion = 10.0.40219.1
Project("{9A19103F-16F7-4668-BE54-9A1E7A4F7556}") = "TOMSU.Emailova_schranka.Web", "TOMSU.Emailova_schranka.Web\TOMSU.Emailova_schranka.Web.csproj", "{9EA7A087-543E-4B9B-806D-BD4F147305AE}"
	ProjectSection(ProjectDependencies) = postProject
		{36B033D0-0FB0-43A8-9F94-E9045E542411} = {36B033D0-0FB0-43A8-9F94-E9045E542411}
		{B33F5434-F3E4-4168-A01A-D559755F71AF} = {B33F5434-F3E4-4168-A01A-D559755F71AF}
	EndProjectSection
EndProject
Project("{9A19103F-16F7-4668-BE54-9A1E7A4F7556}") = "TOMSU.Emailova_schranka.Application", "TOMSU.Emailova_schranka.Application\TOMSU.Emailova_schranka.Application.csproj", "{36B033D0-0FB0-43A8-9F94-E9045E542411}"
	ProjectSection(ProjectDependencies) = postProject
		{B33F5434-F3E4-4168-A01A-D559755F71AF} = {B33F5434-F3E4-4168-A01A-D559755F71AF}
		{BACC5ACE-1455-422F-B0EC-05BFF4FECDFD} = {BACC5ACE-1455-422F-B0EC-05BFF4FECDFD}
	EndProjectSection
EndProject
Project("{9A19103F-16F7-4668-BE54-9A1E7A4F7556}") = "TOMSU.Emailova_schranka.Domain", "TOMSU.Emailova_schranka.Domain\TOMSU.Emailova_schranka.Domain.csproj", "{B33F5434-F3E4-4168-A01A-D559755F71AF}"
EndProject
Project("{9A19103F-16F7-4668-BE54-9A1E7A4F7556}") = "TOMSU.Emailova_schranka.Infrastructure", "TOMSU.Emailova_schranka.Infrastructure\TOMSU.Emailova_schranka.Infrastructure.csproj", "{BACC5ACE-1455-422F-B0EC-05BFF4FECDFD}"
	ProjectSection(ProjectDependencies) = postProject
		{B33F5434-F3E4-4168-A01A-D559755F71AF} = {B33F5434-F3E4-4168-A01A-D559755F71AF}
	EndProjectSection
EndProject
Project("{FAE04EC0-301F-11D3-BF4B-00C04F79EFBC}") = "TOMSU.Emailova_schránka.Tests", "TOMSU.Emailova_schránka.Tests\TOMSU.Emailova_schránka.Tests.csproj", "{3753C26C-75E1-4130-8E0C-4667FBB7F612}"
EndProject
Global
	GlobalSection(SolutionConfigurationPlatforms) = preSolution
		Debug|Any CPU = Debug|Any CPU
		Release|Any CPU = Release|Any CPU
	EndGlobalSection
	GlobalSection(ProjectConfigurationPlatforms) = postSolution
		{9EA7A087-543E-4B9B-806D-BD4F147305AE}.Debug|Any CPU.ActiveCfg = Debug|Any CPU
		{9EA7A087-543E-4B9B-806D-BD4F147305AE}.Debug|Any CPU.Build.0 = Debug|Any CPU
		{9EA7A087-543E-4B9B-806D-BD4F147305AE}.Release|Any CPU.ActiveCfg = Release|Any CPU
		{9EA7A087-543E-4B9B-806D-BD4F147305AE}.Release|Any CPU.Build.0 = Release|Any CPU
		{36B033D0-0FB0-43A8-9F94-E9045E542411}.Debug|Any CPU.ActiveCfg = Debug|Any CPU
		{36B033D0-0FB0-43A8-9F94-E9045E542411}.Debug|Any CPU.Build.0 = Debug|Any CPU
		{36B033D0-0FB0-43A8-9F94-E9045E542411}.Release|Any CPU.ActiveCfg = Release|Any CPU
		{36B033D0-0FB0-43A8-9F94-E9045E542411}.Release|Any CPU.Build.0 = Release|Any CPU
		{B33F5434-F3E4-4168-A01A-D559755F71AF}.Debug|Any CPU.ActiveCfg = Debug|Any CPU
		{B33F5434-F3E4-4168-A01A-D559755F71AF}.Debug|Any CPU.Build.0 = Debug|Any CPU
		{B33F5434-F3E4-4168-A01A-D559755F71AF}.Release|Any CPU.ActiveCfg = Release|Any CPU
		{B33F5434-F3E4-4168-A01A-D559755F71AF}.Release|Any CPU.Build.0 = Release|Any CPU
		{BACC5ACE-1455-422F-B0EC-05BFF4FECDFD}.Debug|Any CPU.ActiveCfg = Debug|Any CPU
		{BACC5ACE-1455-422F-B0EC-05BFF4FECDFD}.Debug|Any CPU.Build.0 = Debug|Any CPU
		{BACC5ACE-1455-422F-B0EC-05BFF4FECDFD}.Release|Any CPU.ActiveCfg = Release|Any CPU
		{BACC5ACE-1455-422F-B0EC-05BFF4FECDFD}.Release|Any CPU.Build.0 = Release|Any CPU
		{3753C26C-75E1-4130-8E0C-4667FBB7F612}.Debug|Any CPU.ActiveCfg = Debug|Any CPU
		{3753C26C-75E1-4130-8E0C-4667FBB7F612}.Debug|Any CPU.Build.0 = Debug|Any CPU
		{3753C26C-75E1-4130-8E0C-4667FBB7F612}.Release|Any CPU.ActiveCfg = Release|Any CPU
		{3753C26C-75E1-4130-8E0C-4667FBB7F612}.Release|Any CPU.Build.0 = Release|Any CPU
	EndGlobalSection
	GlobalSection(SolutionProperties) = preSolution
		HideSolutionNode = FALSE
	EndGlobalSection
	GlobalSection(ExtensibilityGlobals) = postSolution
		SolutionGuid = {D7EAFDE1-7421-4683-84FB-7CBCECAC3719}
	EndGlobalSection
EndGlobal
